
Microsoft Visual Studio Solution File, Format Version 12.00
# Visual Studio Version 16
VisualStudioVersion = 16.0.29009.5
MinimumVisualStudioVersion = 10.0.40219.1
Project("{8BC9CEB8-8B4A-11D0-8D11-00A0C91BC942}") = "fft", "fft.vcxproj", "{5DDB5F7A-8F46-4096-99A7-14F1624346C2}"
EndProject
Project("{8BC9CEB8-8B4A-11D0-8D11-00A0C91BC942}") = "SignalGen", "..\SignalGen\SignalGen.vcxproj", "{D97FC683-CF9E-4B53-A57C-46EC77DC96E3}"
EndProject
Global
	GlobalSection(SolutionConfigurationPlatforms) = preSolution
		Debug|x64 = Debug|x64
		Debug|x86 = Debug|x86
		Release|x64 = Release|x64
		Release|x86 = Release|x86
	EndGlobalSection
	GlobalSection(ProjectConfigurationPlatforms) = postSolution
		{5DDB5F7A-8F46-4096-99A7-14F1624346C2}.Debug|x64.ActiveCfg = Debug|x64
		{5DDB5F7A-8F46-4096-99A7-14F1624346C2}.Debug|x64.Build.0 = Debug|x64
		{5DDB5F7A-8F46-4096-99A7-14F1624346C2}.Debug|x86.ActiveCfg = Debug|Win32
		{5DDB5F7A-8F46-4096-99A7-14F1624346C2}.Debug|x86.Build.0 = Debug|Win32
		{5DDB5F7A-8F46-4096-99A7-14F1624346C2}.Release|x64.ActiveCfg = Release|x64
		{5DDB5F7A-8F46-4096-99A7-14F1624346C2}.Release|x64.Build.0 = Release|x64
		{5DDB5F7A-8F46-4096-99A7-14F1624346C2}.Release|x86.ActiveCfg = Release|Win32
		{5DDB5F7A-8F46-4096-99A7-14F1624346C2}.Release|x86.Build.0 = Release|Win32
		{D97FC683-CF9E-4B53-A57C-46EC77DC96E3}.Debug|x64.ActiveCfg = Debug|x64
		{D97FC683-CF9E-4B53-A57C-46EC77DC96E3}.Debug|x64.Build.0 = Debug|x64
		{D97FC683-CF9E-4B53-A57C-46EC77DC96E3}.Debug|x86.ActiveCfg = Debug|Win32
		{D97FC683-CF9E-4B53-A57C-46EC77DC96E3}.Debug|x86.Build.0 = Debug|Win32
		{D97FC683-CF9E-4B53-A57C-46EC77DC96E3}.Release|x64.ActiveCfg = Release|x64
		{D97FC683-CF9E-4B53-A57C-46EC77DC96E3}.Release|x64.Build.0 = Release|x64
		{D97FC683-CF9E-4B53-A57C-46EC77DC96E3}.Release|x86.ActiveCfg = Release|Win32
		{D97FC683-CF9E-4B53-A57C-46EC77DC96E3}.Release|x86.Build.0 = Release|Win32
	EndGlobalSection
	GlobalSection(SolutionProperties) = preSolution
		HideSolutionNode = FALSE
	EndGlobalSection
	GlobalSection(ExtensibilityGlobals) = postSolution
		SolutionGuid = {76FCB1D1-5AC4-4007-A6C2-E4A1E9A5A1FA}
	EndGlobalSection
EndGlobal
